
Microsoft Visual Studio Solution File, Format Version 12.00
# Visual Studio 15
VisualStudioVersion = 15.0.26730.16
MinimumVisualStudioVersion = 10.0.40219.1
Project("{FAE04EC0-301F-11D3-BF4B-00C04F79EFBC}") = "WebApplicationNorthWind", "WebApplicationNorthWind\WebApplicationNorthWind.csproj", "{EBAC6BE0-B17E-4B7F-9861-E0FB7E8CC726}"
EndProject
Global
	GlobalSection(SolutionConfigurationPlatforms) = preSolution
		Debug|Any CPU = Debug|Any CPU
		Release|Any CPU = Release|Any CPU
	EndGlobalSection
	GlobalSection(ProjectConfigurationPlatforms) = postSolution
		{EBAC6BE0-B17E-4B7F-9861-E0FB7E8CC726}.Debug|Any CPU.ActiveCfg = Debug|Any CPU
		{EBAC6BE0-B17E-4B7F-9861-E0FB7E8CC726}.Debug|Any CPU.Build.0 = Debug|Any CPU
		{EBAC6BE0-B17E-4B7F-9861-E0FB7E8CC726}.Release|Any CPU.ActiveCfg = Release|Any CPU
		{EBAC6BE0-B17E-4B7F-9861-E0FB7E8CC726}.Release|Any CPU.Build.0 = Release|Any CPU
	EndGlobalSection
	GlobalSection(SolutionProperties) = preSolution
		HideSolutionNode = FALSE
	EndGlobalSection
	GlobalSection(ExtensibilityGlobals) = postSolution
		SolutionGuid = {CE491C27-FE25-4C70-80D1-7893225FAC26}
	EndGlobalSection
EndGlobal
