
Microsoft Visual Studio Solution File, Format Version 12.00
# Visual Studio 15
VisualStudioVersion = 15.0.26730.16
MinimumVisualStudioVersion = 10.0.40219.1
Project("{9A19103F-16F7-4668-BE54-9A1E7A4F7556}") = "WebApplicationNorthWind", "WebApplicationNorthWind\WebApplicationNorthWind.csproj", "{EBAC6BE0-B17E-4B7F-9861-E0FB7E8CC726}"
EndProject
Project("{9A19103F-16F7-4668-BE54-9A1E7A4F7556}") = "WebApplicationNorthWind.Northwind", "WebApplicationNorthWind.Northwind\WebApplicationNorthWind.Northwind.csproj", "{805C0164-4DD4-4B69-A8C1-E348847BA9AF}"
EndProject
Project("{9A19103F-16F7-4668-BE54-9A1E7A4F7556}") = "WebApplicationNorthWind.NorthwindModel", "WebApplicationNorthWind.NorthwindModel\WebApplicationNorthWind.NorthwindModel.csproj", "{D860D753-3DAE-4B74-A846-0487D4F00882}"
EndProject
Project("{FAE04EC0-301F-11D3-BF4B-00C04F79EFBC}") = "WebApplicationNorthWind.Adventure", "WebApplicationNorthWind.Adventure\WebApplicationNorthWind.Adventure.csproj", "{9DD0347A-AE04-4F0F-AD2A-2A604023EBD4}"
EndProject
Global
	GlobalSection(SolutionConfigurationPlatforms) = preSolution
		Debug|Any CPU = Debug|Any CPU
		Release|Any CPU = Release|Any CPU
	EndGlobalSection
	GlobalSection(ProjectConfigurationPlatforms) = postSolution
		{EBAC6BE0-B17E-4B7F-9861-E0FB7E8CC726}.Debug|Any CPU.ActiveCfg = Debug|Any CPU
		{EBAC6BE0-B17E-4B7F-9861-E0FB7E8CC726}.Debug|Any CPU.Build.0 = Debug|Any CPU
		{EBAC6BE0-B17E-4B7F-9861-E0FB7E8CC726}.Release|Any CPU.ActiveCfg = Release|Any CPU
		{EBAC6BE0-B17E-4B7F-9861-E0FB7E8CC726}.Release|Any CPU.Build.0 = Release|Any CPU
		{805C0164-4DD4-4B69-A8C1-E348847BA9AF}.Debug|Any CPU.ActiveCfg = Debug|Any CPU
		{805C0164-4DD4-4B69-A8C1-E348847BA9AF}.Debug|Any CPU.Build.0 = Debug|Any CPU
		{805C0164-4DD4-4B69-A8C1-E348847BA9AF}.Release|Any CPU.ActiveCfg = Release|Any CPU
		{805C0164-4DD4-4B69-A8C1-E348847BA9AF}.Release|Any CPU.Build.0 = Release|Any CPU
		{D860D753-3DAE-4B74-A846-0487D4F00882}.Debug|Any CPU.ActiveCfg = Debug|Any CPU
		{D860D753-3DAE-4B74-A846-0487D4F00882}.Debug|Any CPU.Build.0 = Debug|Any CPU
		{D860D753-3DAE-4B74-A846-0487D4F00882}.Release|Any CPU.ActiveCfg = Release|Any CPU
		{D860D753-3DAE-4B74-A846-0487D4F00882}.Release|Any CPU.Build.0 = Release|Any CPU
		{9DD0347A-AE04-4F0F-AD2A-2A604023EBD4}.Debug|Any CPU.ActiveCfg = Debug|Any CPU
		{9DD0347A-AE04-4F0F-AD2A-2A604023EBD4}.Debug|Any CPU.Build.0 = Debug|Any CPU
		{9DD0347A-AE04-4F0F-AD2A-2A604023EBD4}.Release|Any CPU.ActiveCfg = Release|Any CPU
		{9DD0347A-AE04-4F0F-AD2A-2A604023EBD4}.Release|Any CPU.Build.0 = Release|Any CPU
	EndGlobalSection
	GlobalSection(SolutionProperties) = preSolution
		HideSolutionNode = FALSE
	EndGlobalSection
	GlobalSection(ExtensibilityGlobals) = postSolution
		SolutionGuid = {CE491C27-FE25-4C70-80D1-7893225FAC26}
	EndGlobalSection
EndGlobal
